{
  "name": "ultimate-ws",
  "version": "1.0.0",
  "lockfileVersion": 3,
  "requires": true,
  "packages": {
    "": {
      "name": "ultimate-ws",
      "version": "1.0.0",
      "license": "UNLICENSED",
      "dependencies": {
        "tseep": "^1.3.1",
        "uWebSockets.js": "github:uNetworking/uWebSockets.js#v20.48.0",
        "ws": "^8.18.0"
      },
      "devDependencies": {
        "exit-hook": "^2.2.1"
      }
    },
    "node_modules/exit-hook": {
      "version": "2.2.1",
      "resolved": "https://registry.npmjs.org/exit-hook/-/exit-hook-2.2.1.tgz",
      "integrity": "sha512-eNTPlAD67BmP31LDINZ3U7HSF8l57TxOY2PmBJ1shpCvpnxBF93mWCE8YHBnXs8qiUZJc9WDcWIeC3a2HIAMfw==",
      "dev": true,
      "license": "MIT",
      "engines": {
        "node": ">=6"
      },
      "funding": {
        "url": "https://github.com/sponsors/sindresorhus"
      }
    },
    "node_modules/tseep": {
      "version": "1.3.1",
      "resolved": "https://registry.npmjs.org/tseep/-/tseep-1.3.1.tgz",
      "integrity": "sha512-ZPtfk1tQnZVyr7BPtbJ93qaAh2lZuIOpTMjhrYa4XctT8xe7t4SAW9LIxrySDuYMsfNNayE51E/WNGrNVgVicQ==",
      "license": "MIT"
    },
    "node_modules/uWebSockets.js": {
      "version": "20.48.0",
      "resolved": "git+ssh://git@github.com/uNetworking/uWebSockets.js.git#51ae1d1fd92dff77cbbdc7c431021f85578da1a6",
      "license": "Apache-2.0"
    },
    "node_modules/ws": {
      "version": "8.18.0",
      "resolved": "https://registry.npmjs.org/ws/-/ws-8.18.0.tgz",
      "integrity": "sha512-8VbfWfHLbbwu3+N6OKsOMpBdT4kXPDDB9cJk2bJ6mh9ucxdlnNvH1e+roYkKmN9Nxw2yjz7VzeO9oOz2zJ04Pw==",
      "license": "MIT",
      "engines": {
        "node": ">=10.0.0"
      },
      "peerDependencies": {
        "bufferutil": "^4.0.1",
        "utf-8-validate": ">=5.0.2"
      },
      "peerDependenciesMeta": {
        "bufferutil": {
          "optional": true
        },
        "utf-8-validate": {
          "optional": true
        }
      }
    }
  }
}
